<?xml version="1.0" encoding="utf-8"?>
<Project ToolsVersion="4.0" xmlns="http://schemas.microsoft.com/developer/msbuild/2003">
  <ItemGroup>
    <Filter Include="Source Files">
      <UniqueIdentifier>{4FC737F1-C7A5-4376-A066-2A32D752A2FF}</UniqueIdentifier>
      <Extensions>cpp;c;cc;cxx;c++;cppm;ixx;def;odl;idl;hpj;bat;asm;asmx</Extensions>
    </Filter>
    <Filter Include="Header Files">
      <UniqueIdentifier>{93995380-89BD-4b04-88EB-625FBE52EBFB}</UniqueIdentifier>
      <Extensions>h;hh;hpp;hxx;h++;hm;inl;inc;ipp;xsd</Extensions>
    </Filter>
    <Filter Include="Resource Files">
      <UniqueIdentifier>{67DA6AB6-F800-4c08-8B7A-83BB121AAD01}</UniqueIdentifier>
      <Extensions>rc;ico;cur;bmp;dlg;rc2;rct;bin;rgs;gif;jpg;jpeg;jpe;resx;tiff;tif;png;wav;mfcribbon-ms</Extensions>
    </Filter>
    <Filter Include="Header Files\RaylibCore">
      <UniqueIdentifier>{e1f67896-c497-471a-8b89-2add5d731e26}</UniqueIdentifier>
    </Filter>
  </ItemGroup>
  <ItemGroup>
    <ClCompile Include="raylibTest2.cpp">
      <Filter>Source Files</Filter>
    </ClCompile>
    <ClCompile Include="ext\raylib\raudio.c">
      <Filter>Header Files\RaylibCore</Filter>
    </ClCompile>
    <ClCompile Include="ext\raylib\rcore.c">
      <Filter>Header Files\RaylibCore</Filter>
    </ClCompile>
    <ClCompile Include="ext\raylib\rglfw.c">
      <Filter>Header Files\RaylibCore</Filter>
    </ClCompile>
    <ClCompile Include="ext\raylib\rmodels.c">
      <Filter>Header Files\RaylibCore</Filter>
    </ClCompile>
    <ClCompile Include="ext\raylib\rshapes.c">
      <Filter>Header Files\RaylibCore</Filter>
    </ClCompile>
    <ClCompile Include="ext\raylib\rtext.c">
      <Filter>Header Files\RaylibCore</Filter>
    </ClCompile>
    <ClCompile Include="ext\raylib\rtextures.c">
      <Filter>Header Files\RaylibCore</Filter>
    </ClCompile>
    <ClCompile Include="NetworkClient.cpp">
      <Filter>Source Files</Filter>
    </ClCompile>
    <ClCompile Include="NetworkCommon.cpp">
      <Filter>Source Files</Filter>
    </ClCompile>
    <ClCompile Include="UserMessage.capnp.c++">
      <Filter>Source Files</Filter>
    </ClCompile>
  </ItemGroup>
  <ItemGroup>
    <ClInclude Include="ext\raylib\external\cgltf.h">
      <Filter>Header Files\RaylibCore</Filter>
    </ClInclude>
    <ClInclude Include="ext\raylib\external\glad.h">
      <Filter>Header Files\RaylibCore</Filter>
    </ClInclude>
    <ClInclude Include="ext\raylib\external\jar_mod.h">
      <Filter>Header Files\RaylibCore</Filter>
    </ClInclude>
    <ClInclude Include="ext\raylib\external\jar_xm.h">
      <Filter>Header Files\RaylibCore</Filter>
    </ClInclude>
    <ClInclude Include="ext\raylib\external\miniaudio.h">
      <Filter>Header Files\RaylibCore</Filter>
    </ClInclude>
    <ClInclude Include="ext\raylib\raylib.h">
      <Filter>Header Files\RaylibCore</Filter>
    </ClInclude>
    <ClInclude Include="ext\raylib\raymath.h">
      <Filter>Header Files\RaylibCore</Filter>
    </ClInclude>
    <ClInclude Include="ext\raylib\rcamera.h">
      <Filter>Header Files\RaylibCore</Filter>
    </ClInclude>
    <ClInclude Include="ext\raylib\rgestures.h">
      <Filter>Header Files\RaylibCore</Filter>
    </ClInclude>
    <ClInclude Include="ext\raylib\rlgl.h">
      <Filter>Header Files\RaylibCore</Filter>
    </ClInclude>
    <ClInclude Include="ext\raylib\external\stb_image.h">
      <Filter>Header Files\RaylibCore</Filter>
    </ClInclude>
    <ClInclude Include="ext\raylib\external\stb_image_resize2.h">
      <Filter>Header Files\RaylibCore</Filter>
    </ClInclude>
    <ClInclude Include="ext\raylib\external\stb_image_write.h">
      <Filter>Header Files\RaylibCore</Filter>
    </ClInclude>
    <ClInclude Include="ext\raylib\external\stb_rect_pack.h">
      <Filter>Header Files\RaylibCore</Filter>
    </ClInclude>
    <ClInclude Include="ext\raylib\external\stb_truetype.h">
      <Filter>Header Files\RaylibCore</Filter>
    </ClInclude>
    <ClInclude Include="NetworkCommon.h">
      <Filter>Header Files</Filter>
    </ClInclude>
    <ClInclude Include="NetworkClient.h">
      <Filter>Header Files</Filter>
    </ClInclude>
    <ClInclude Include="UserMessage.capnp.h">
      <Filter>Source Files</Filter>
    </ClInclude>
  </ItemGroup>
</Project>